
Microsoft Visual Studio Solution File, Format Version 12.00
# Visual Studio Version 17
VisualStudioVersion = 17.3.32811.315
MinimumVisualStudioVersion = 10.0.40219.1
Project("{FAE04EC0-301F-11D3-BF4B-00C04F79EFBC}") = "loginsidehtml", "loginsidehtml\loginsidehtml.csproj", "{55530402-1AF6-4BB5-810C-975BE7AA5CBE}"
EndProject
Global
	GlobalSection(SolutionConfigurationPlatforms) = preSolution
		Debug|Any CPU = Debug|Any CPU
		Release|Any CPU = Release|Any CPU
	EndGlobalSection
	GlobalSection(ProjectConfigurationPlatforms) = postSolution
		{55530402-1AF6-4BB5-810C-975BE7AA5CBE}.Debug|Any CPU.ActiveCfg = Debug|Any CPU
		{55530402-1AF6-4BB5-810C-975BE7AA5CBE}.Debug|Any CPU.Build.0 = Debug|Any CPU
		{55530402-1AF6-4BB5-810C-975BE7AA5CBE}.Release|Any CPU.ActiveCfg = Release|Any CPU
		{55530402-1AF6-4BB5-810C-975BE7AA5CBE}.Release|Any CPU.Build.0 = Release|Any CPU
	EndGlobalSection
	GlobalSection(SolutionProperties) = preSolution
		HideSolutionNode = FALSE
	EndGlobalSection
	GlobalSection(ExtensibilityGlobals) = postSolution
		SolutionGuid = {6D085C81-091F-4819-A90B-38ECECA6F0D2}
	EndGlobalSection
EndGlobal
