
Microsoft Visual Studio Solution File, Format Version 12.00
# Visual Studio Version 17
VisualStudioVersion = 17.3.32825.248
MinimumVisualStudioVersion = 10.0.40219.1
Project("{FAE04EC0-301F-11D3-BF4B-00C04F79EFBC}") = "Stock", "Stock\Stock.csproj", "{27B89EF5-5327-4F2A-92DE-00E4CD35E32A}"
EndProject
Global
	GlobalSection(SolutionConfigurationPlatforms) = preSolution
		Debug|Any CPU = Debug|Any CPU
		Release|Any CPU = Release|Any CPU
	EndGlobalSection
	GlobalSection(ProjectConfigurationPlatforms) = postSolution
		{27B89EF5-5327-4F2A-92DE-00E4CD35E32A}.Debug|Any CPU.ActiveCfg = Debug|Any CPU
		{27B89EF5-5327-4F2A-92DE-00E4CD35E32A}.Debug|Any CPU.Build.0 = Debug|Any CPU
		{27B89EF5-5327-4F2A-92DE-00E4CD35E32A}.Release|Any CPU.ActiveCfg = Release|Any CPU
		{27B89EF5-5327-4F2A-92DE-00E4CD35E32A}.Release|Any CPU.Build.0 = Release|Any CPU
	EndGlobalSection
	GlobalSection(SolutionProperties) = preSolution
		HideSolutionNode = FALSE
	EndGlobalSection
	GlobalSection(ExtensibilityGlobals) = postSolution
		SolutionGuid = {CB689FC5-5D05-48DB-9891-E84B92F9A799}
	EndGlobalSection
EndGlobal
